
Microsoft Visual Studio Solution File, Format Version 12.00
# Visual Studio 15
Project("{FAE04EC0-301F-11D3-BF4B-00C04F79EFBC}") = "Assembly-CSharp", "Assembly-CSharp.csproj", "{E10FABD4-2A58-A51F-CFC5-E16A5D93084F}"
EndProject
Project("{FAE04EC0-301F-11D3-BF4B-00C04F79EFBC}") = "Assembly-CSharp-firstpass", "Assembly-CSharp-firstpass.csproj", "{BBCD4300-1E8B-001A-DF71-59A430646EB2}"
EndProject
Project("{FAE04EC0-301F-11D3-BF4B-00C04F79EFBC}") = "Assembly-CSharp-Editor", "Assembly-CSharp-Editor.csproj", "{9D42E6F5-2A34-22B9-44BC-D0215B6ECE32}"
EndProject
Global
	GlobalSection(SolutionConfigurationPlatforms) = preSolution
		Debug|Any CPU = Debug|Any CPU
		Release|Any CPU = Release|Any CPU
	EndGlobalSection
	GlobalSection(ProjectConfigurationPlatforms) = postSolution
		{E10FABD4-2A58-A51F-CFC5-E16A5D93084F}.Debug|Any CPU.ActiveCfg = Debug|Any CPU
		{E10FABD4-2A58-A51F-CFC5-E16A5D93084F}.Debug|Any CPU.Build.0 = Debug|Any CPU
		{E10FABD4-2A58-A51F-CFC5-E16A5D93084F}.Release|Any CPU.ActiveCfg = Release|Any CPU
		{E10FABD4-2A58-A51F-CFC5-E16A5D93084F}.Release|Any CPU.Build.0 = Release|Any CPU
		{BBCD4300-1E8B-001A-DF71-59A430646EB2}.Debug|Any CPU.ActiveCfg = Debug|Any CPU
		{BBCD4300-1E8B-001A-DF71-59A430646EB2}.Debug|Any CPU.Build.0 = Debug|Any CPU
		{BBCD4300-1E8B-001A-DF71-59A430646EB2}.Release|Any CPU.ActiveCfg = Release|Any CPU
		{BBCD4300-1E8B-001A-DF71-59A430646EB2}.Release|Any CPU.Build.0 = Release|Any CPU
		{9D42E6F5-2A34-22B9-44BC-D0215B6ECE32}.Debug|Any CPU.ActiveCfg = Debug|Any CPU
		{9D42E6F5-2A34-22B9-44BC-D0215B6ECE32}.Debug|Any CPU.Build.0 = Debug|Any CPU
		{9D42E6F5-2A34-22B9-44BC-D0215B6ECE32}.Release|Any CPU.ActiveCfg = Release|Any CPU
		{9D42E6F5-2A34-22B9-44BC-D0215B6ECE32}.Release|Any CPU.Build.0 = Release|Any CPU
	EndGlobalSection
	GlobalSection(SolutionProperties) = preSolution
		HideSolutionNode = FALSE
	EndGlobalSection
EndGlobal
